// !$*UTF8*$!
{
	archiveVersion = 1;
	classes = {
	};
	objectVersion = 50;
	objects = {

/* Begin PBXBuildFile section */
		496CFE9C20A15CB100E8DB35 /* main.swift in Sources */ = {isa = PBXBuildFile; fileRef = 496CFE9B20A15CB100E8DB35 /* main.swift */; };
		496CFEA320A15D8E00E8DB35 /* BackupsFinder.swift in Sources */ = {isa = PBXBuildFile; fileRef = 496CFEA220A15D8E00E8DB35 /* BackupsFinder.swift */; };
		496CFEA520A16BE000E8DB35 /* StringPathMethods.swift in Sources */ = {isa = PBXBuildFile; fileRef = 496CFEA420A16BE000E8DB35 /* StringPathMethods.swift */; };
		49C7792120AADFFA00548FBA /* Executor.swift in Sources */ = {isa = PBXBuildFile; fileRef = 49C7792020AADFFA00548FBA /* Executor.swift */; };
		49C7792320AAEC1400548FBA /* BackupsOperator.swift in Sources */ = {isa = PBXBuildFile; fileRef = 49C7792220AAEC1400548FBA /* BackupsOperator.swift */; };
		49C7792C20AC4CD500548FBA /* AppleScriptObjC.framework in Frameworks */ = {isa = PBXBuildFile; fileRef = 49C7792B20AC4CD500548FBA /* AppleScriptObjC.framework */; };
		49C7793C20AC4E9800548FBA /* RunBackup.sh in Resources */ = {isa = PBXBuildFile; fileRef = 49C7793B20AC4E9800548FBA /* RunBackup.sh */; };
/* End PBXBuildFile section */

/* Begin PBXCopyFilesBuildPhase section */
		496CFE9620A15CB100E8DB35 /* CopyFiles */ = {
			isa = PBXCopyFilesBuildPhase;
			buildActionMask = 2147483647;
			dstPath = /usr/share/man/man1/;
			dstSubfolderSpec = 0;
			files = (
			);
			runOnlyForDeploymentPostprocessing = 1;
		};
/* End PBXCopyFilesBuildPhase section */

/* Begin PBXFileReference section */
		492A069C20AD250C000A2A73 /* install.sh */ = {isa = PBXFileReference; lastKnownFileType = text.script.sh; path = install.sh; sourceTree = "<group>"; };
		496CFE9820A15CB100E8DB35 /* RemoveOldTimeMachineBackup */ = {isa = PBXFileReference; explicitFileType = "compiled.mach-o.executable"; includeInIndex = 0; path = RemoveOldTimeMachineBackup; sourceTree = BUILT_PRODUCTS_DIR; };
		496CFE9B20A15CB100E8DB35 /* main.swift */ = {isa = PBXFileReference; lastKnownFileType = sourcecode.swift; path = main.swift; sourceTree = "<group>"; };
		496CFEA220A15D8E00E8DB35 /* BackupsFinder.swift */ = {isa = PBXFileReference; lastKnownFileType = sourcecode.swift; path = BackupsFinder.swift; sourceTree = "<group>"; };
		496CFEA420A16BE000E8DB35 /* StringPathMethods.swift */ = {isa = PBXFileReference; lastKnownFileType = sourcecode.swift; path = StringPathMethods.swift; sourceTree = "<group>"; };
		49C7792020AADFFA00548FBA /* Executor.swift */ = {isa = PBXFileReference; lastKnownFileType = sourcecode.swift; path = Executor.swift; sourceTree = "<group>"; };
		49C7792220AAEC1400548FBA /* BackupsOperator.swift */ = {isa = PBXFileReference; lastKnownFileType = sourcecode.swift; path = BackupsOperator.swift; sourceTree = "<group>"; };
		49C7792920AC4CD500548FBA /* BackupRunner.app */ = {isa = PBXFileReference; explicitFileType = wrapper.application; includeInIndex = 0; path = BackupRunner.app; sourceTree = BUILT_PRODUCTS_DIR; };
		49C7792B20AC4CD500548FBA /* AppleScriptObjC.framework */ = {isa = PBXFileReference; lastKnownFileType = wrapper.framework; name = AppleScriptObjC.framework; path = System/Library/Frameworks/AppleScriptObjC.framework; sourceTree = SDKROOT; };
		49C7793B20AC4E9800548FBA /* RunBackup.sh */ = {isa = PBXFileReference; lastKnownFileType = text.script.sh; path = RunBackup.sh; sourceTree = "<group>"; };
/* End PBXFileReference section */

/* Begin PBXFrameworksBuildPhase section */
		496CFE9520A15CB100E8DB35 /* Frameworks */ = {
			isa = PBXFrameworksBuildPhase;
			buildActionMask = 2147483647;
			files = (
			);
			runOnlyForDeploymentPostprocessing = 0;
		};
		49C7792620AC4CD500548FBA /* Frameworks */ = {
			isa = PBXFrameworksBuildPhase;
			buildActionMask = 2147483647;
			files = (
				49C7792C20AC4CD500548FBA /* AppleScriptObjC.framework in Frameworks */,
			);
			runOnlyForDeploymentPostprocessing = 0;
		};
/* End PBXFrameworksBuildPhase section */

/* Begin PBXGroup section */
		496CFE8F20A15CB100E8DB35 = {
			isa = PBXGroup;
			children = (
				496CFE9A20A15CB100E8DB35 /* RemoveOldTimeMachine */,
				49C7792D20AC4CD500548FBA /* BackupRunner */,
				49C7792A20AC4CD500548FBA /* Frameworks */,
				496CFE9920A15CB100E8DB35 /* Products */,
			);
			sourceTree = "<group>";
		};
		496CFE9920A15CB100E8DB35 /* Products */ = {
			isa = PBXGroup;
			children = (
				496CFE9820A15CB100E8DB35 /* RemoveOldTimeMachineBackup */,
				49C7792920AC4CD500548FBA /* BackupRunner.app */,
			);
			name = Products;
			sourceTree = "<group>";
		};
		496CFE9A20A15CB100E8DB35 /* RemoveOldTimeMachine */ = {
			isa = PBXGroup;
			children = (
				496CFE9B20A15CB100E8DB35 /* main.swift */,
				496CFEA220A15D8E00E8DB35 /* BackupsFinder.swift */,
				49C7792220AAEC1400548FBA /* BackupsOperator.swift */,
				496CFEA420A16BE000E8DB35 /* StringPathMethods.swift */,
				49C7792020AADFFA00548FBA /* Executor.swift */,
			);
			path = RemoveOldTimeMachine;
			sourceTree = "<group>";
		};
		49C7792A20AC4CD500548FBA /* Frameworks */ = {
			isa = PBXGroup;
			children = (
				49C7792B20AC4CD500548FBA /* AppleScriptObjC.framework */,
			);
			name = Frameworks;
			sourceTree = "<group>";
		};
		49C7792D20AC4CD500548FBA /* BackupRunner */ = {
			isa = PBXGroup;
			children = (
				49C7793B20AC4E9800548FBA /* RunBackup.sh */,
				492A069C20AD250C000A2A73 /* install.sh */,
			);
			path = BackupRunner;
			sourceTree = "<group>";
		};
/* End PBXGroup section */

/* Begin PBXNativeTarget section */
		496CFE9720A15CB100E8DB35 /* RemoveOldTimeMachineBackup */ = {
			isa = PBXNativeTarget;
			buildConfigurationList = 496CFE9F20A15CB100E8DB35 /* Build configuration list for PBXNativeTarget "RemoveOldTimeMachineBackup" */;
			buildPhases = (
				496CFE9420A15CB100E8DB35 /* Sources */,
				496CFE9520A15CB100E8DB35 /* Frameworks */,
				496CFE9620A15CB100E8DB35 /* CopyFiles */,
			);
			buildRules = (
			);
			dependencies = (
			);
			name = RemoveOldTimeMachineBackup;
			productName = RemoveOldTimeMashine;
			productReference = 496CFE9820A15CB100E8DB35 /* RemoveOldTimeMachineBackup */;
			productType = "com.apple.product-type.tool";
		};
		49C7792820AC4CD500548FBA /* BackupRunner */ = {
			isa = PBXNativeTarget;
			buildConfigurationList = 49C7793A20AC4CD700548FBA /* Build configuration list for PBXNativeTarget "BackupRunner" */;
			buildPhases = (
				49C7792520AC4CD500548FBA /* Sources */,
				49C7792620AC4CD500548FBA /* Frameworks */,
				49C7792720AC4CD500548FBA /* Resources */,
			);
			buildRules = (
			);
			dependencies = (
			);
			name = BackupRunner;
			productName = BackupRunner;
			productReference = 49C7792920AC4CD500548FBA /* BackupRunner.app */;
			productType = "com.apple.product-type.application";
		};
/* End PBXNativeTarget section */

/* Begin PBXProject section */
		496CFE9020A15CB100E8DB35 /* Project object */ = {
			isa = PBXProject;
			attributes = {
				LastSwiftUpdateCheck = 0940;
				LastUpgradeCheck = 0940;
				ORGANIZATIONNAME = "Andrew Romanov";
				TargetAttributes = {
					496CFE9720A15CB100E8DB35 = {
						CreatedOnToolsVersion = 9.4;
					};
					49C7792820AC4CD500548FBA = {
						CreatedOnToolsVersion = 9.4;
					};
				};
			};
			buildConfigurationList = 496CFE9320A15CB100E8DB35 /* Build configuration list for PBXProject "RemoveOldTimeMachine" */;
			compatibilityVersion = "Xcode 9.3";
			developmentRegion = en;
			hasScannedForEncodings = 0;
			knownRegions = (
				en,
				Base,
			);
			mainGroup = 496CFE8F20A15CB100E8DB35;
			productRefGroup = 496CFE9920A15CB100E8DB35 /* Products */;
			projectDirPath = "";
			projectRoot = "";
			targets = (
				496CFE9720A15CB100E8DB35 /* RemoveOldTimeMachineBackup */,
				49C7792820AC4CD500548FBA /* BackupRunner */,
			);
		};
/* End PBXProject section */

/* Begin PBXResourcesBuildPhase section */
		49C7792720AC4CD500548FBA /* Resources */ = {
			isa = PBXResourcesBuildPhase;
			buildActionMask = 2147483647;
			files = (
				49C7793C20AC4E9800548FBA /* RunBackup.sh in Resources */,
			);
			runOnlyForDeploymentPostprocessing = 0;
		};
/* End PBXResourcesBuildPhase section */

/* Begin PBXSourcesBuildPhase section */
		496CFE9420A15CB100E8DB35 /* Sources */ = {
			isa = PBXSourcesBuildPhase;
			buildActionMask = 2147483647;
			files = (
				49C7792120AADFFA00548FBA /* Executor.swift in Sources */,
				496CFEA520A16BE000E8DB35 /* StringPathMethods.swift in Sources */,
				496CFE9C20A15CB100E8DB35 /* main.swift in Sources */,
				49C7792320AAEC1400548FBA /* BackupsOperator.swift in Sources */,
				496CFEA320A15D8E00E8DB35 /* BackupsFinder.swift in Sources */,
			);
			runOnlyForDeploymentPostprocessing = 0;
		};
		49C7792520AC4CD500548FBA /* Sources */ = {
			isa = PBXSourcesBuildPhase;
			buildActionMask = 2147483647;
			files = (
			);
			runOnlyForDeploymentPostprocessing = 0;
		};
/* End PBXSourcesBuildPhase section */

/* Begin XCBuildConfiguration section */
		496CFE9D20A15CB100E8DB35 /* Debug */ = {
			isa = XCBuildConfiguration;
			buildSettings = {
				ALWAYS_SEARCH_USER_PATHS = NO;
				CLANG_ANALYZER_NONNULL = YES;
				CLANG_ANALYZER_NUMBER_OBJECT_CONVERSION = YES_AGGRESSIVE;
				CLANG_CXX_LANGUAGE_STANDARD = "gnu++14";
				CLANG_CXX_LIBRARY = "libc++";
				CLANG_ENABLE_MODULES = YES;
				CLANG_ENABLE_OBJC_ARC = YES;
				CLANG_ENABLE_OBJC_WEAK = YES;
				CLANG_WARN_BLOCK_CAPTURE_AUTORELEASING = YES;
				CLANG_WARN_BOOL_CONVERSION = YES;
				CLANG_WARN_COMMA = YES;
				CLANG_WARN_CONSTANT_CONVERSION = YES;
				CLANG_WARN_DEPRECATED_OBJC_IMPLEMENTATIONS = YES;
				CLANG_WARN_DIRECT_OBJC_ISA_USAGE = YES_ERROR;
				CLANG_WARN_DOCUMENTATION_COMMENTS = YES;
				CLANG_WARN_EMPTY_BODY = YES;
				CLANG_WARN_ENUM_CONVERSION = YES;
				CLANG_WARN_INFINITE_RECURSION = YES;
				CLANG_WARN_INT_CONVERSION = YES;
				CLANG_WARN_NON_LITERAL_NULL_CONVERSION = YES;
				CLANG_WARN_OBJC_IMPLICIT_RETAIN_SELF = YES;
				CLANG_WARN_OBJC_LITERAL_CONVERSION = YES;
				CLANG_WARN_OBJC_ROOT_CLASS = YES_ERROR;
				CLANG_WARN_RANGE_LOOP_ANALYSIS = YES;
				CLANG_WARN_STRICT_PROTOTYPES = YES;
				CLANG_WARN_SUSPICIOUS_MOVE = YES;
				CLANG_WARN_UNGUARDED_AVAILABILITY = YES_AGGRESSIVE;
				CLANG_WARN_UNREACHABLE_CODE = YES;
				CLANG_WARN__DUPLICATE_METHOD_MATCH = YES;
				CODE_SIGN_IDENTITY = "-";
				COPY_PHASE_STRIP = NO;
				DEBUG_INFORMATION_FORMAT = dwarf;
				ENABLE_STRICT_OBJC_MSGSEND = YES;
				ENABLE_TESTABILITY = YES;
				GCC_C_LANGUAGE_STANDARD = gnu11;
				GCC_DYNAMIC_NO_PIC = NO;
				GCC_NO_COMMON_BLOCKS = YES;
				GCC_OPTIMIZATION_LEVEL = 0;
				GCC_PREPROCESSOR_DEFINITIONS = (
					"DEBUG=1",
					"$(inherited)",
				);
				GCC_WARN_64_TO_32_BIT_CONVERSION = YES;
				GCC_WARN_ABOUT_RETURN_TYPE = YES_ERROR;
				GCC_WARN_UNDECLARED_SELECTOR = YES;
				GCC_WARN_UNINITIALIZED_AUTOS = YES_AGGRESSIVE;
				GCC_WARN_UNUSED_FUNCTION = YES;
				GCC_WARN_UNUSED_VARIABLE = YES;
				MACOSX_DEPLOYMENT_TARGET = 10.13;
				MTL_ENABLE_DEBUG_INFO = YES;
				ONLY_ACTIVE_ARCH = YES;
				SDKROOT = macosx;
				SWIFT_ACTIVE_COMPILATION_CONDITIONS = DEBUG;
				SWIFT_OPTIMIZATION_LEVEL = "-Onone";
			};
			name = Debug;
		};
		496CFE9E20A15CB100E8DB35 /* Release */ = {
			isa = XCBuildConfiguration;
			buildSettings = {
				ALWAYS_SEARCH_USER_PATHS = NO;
				CLANG_ANALYZER_NONNULL = YES;
				CLANG_ANALYZER_NUMBER_OBJECT_CONVERSION = YES_AGGRESSIVE;
				CLANG_CXX_LANGUAGE_STANDARD = "gnu++14";
				CLANG_CXX_LIBRARY = "libc++";
				CLANG_ENABLE_MODULES = YES;
				CLANG_ENABLE_OBJC_ARC = YES;
				CLANG_ENABLE_OBJC_WEAK = YES;
				CLANG_WARN_BLOCK_CAPTURE_AUTORELEASING = YES;
				CLANG_WARN_BOOL_CONVERSION = YES;
				CLANG_WARN_COMMA = YES;
				CLANG_WARN_CONSTANT_CONVERSION = YES;
				CLANG_WARN_DEPRECATED_OBJC_IMPLEMENTATIONS = YES;
				CLANG_WARN_DIRECT_OBJC_ISA_USAGE = YES_ERROR;
				CLANG_WARN_DOCUMENTATION_COMMENTS = YES;
				CLANG_WARN_EMPTY_BODY = YES;
				CLANG_WARN_ENUM_CONVERSION = YES;
				CLANG_WARN_INFINITE_RECURSION = YES;
				CLANG_WARN_INT_CONVERSION = YES;
				CLANG_WARN_NON_LITERAL_NULL_CONVERSION = YES;
				CLANG_WARN_OBJC_IMPLICIT_RETAIN_SELF = YES;
				CLANG_WARN_OBJC_LITERAL_CONVERSION = YES;
				CLANG_WARN_OBJC_ROOT_CLASS = YES_ERROR;
				CLANG_WARN_RANGE_LOOP_ANALYSIS = YES;
				CLANG_WARN_STRICT_PROTOTYPES = YES;
				CLANG_WARN_SUSPICIOUS_MOVE = YES;
				CLANG_WARN_UNGUARDED_AVAILABILITY = YES_AGGRESSIVE;
				CLANG_WARN_UNREACHABLE_CODE = YES;
				CLANG_WARN__DUPLICATE_METHOD_MATCH = YES;
				CODE_SIGN_IDENTITY = "-";
				COPY_PHASE_STRIP = NO;
				DEBUG_INFORMATION_FORMAT = "dwarf-with-dsym";
				ENABLE_NS_ASSERTIONS = NO;
				ENABLE_STRICT_OBJC_MSGSEND = YES;
				GCC_C_LANGUAGE_STANDARD = gnu11;
				GCC_NO_COMMON_BLOCKS = YES;
				GCC_WARN_64_TO_32_BIT_CONVERSION = YES;
				GCC_WARN_ABOUT_RETURN_TYPE = YES_ERROR;
				GCC_WARN_UNDECLARED_SELECTOR = YES;
				GCC_WARN_UNINITIALIZED_AUTOS = YES_AGGRESSIVE;
				GCC_WARN_UNUSED_FUNCTION = YES;
				GCC_WARN_UNUSED_VARIABLE = YES;
				MACOSX_DEPLOYMENT_TARGET = 10.13;
				MTL_ENABLE_DEBUG_INFO = NO;
				SDKROOT = macosx;
				SWIFT_COMPILATION_MODE = wholemodule;
				SWIFT_OPTIMIZATION_LEVEL = "-O";
			};
			name = Release;
		};
		496CFEA020A15CB100E8DB35 /* Debug */ = {
			isa = XCBuildConfiguration;
			buildSettings = {
				CODE_SIGN_STYLE = Automatic;
				PRODUCT_NAME = "$(TARGET_NAME)";
				SWIFT_VERSION = 4.0;
			};
			name = Debug;
		};
		496CFEA120A15CB100E8DB35 /* Release */ = {
			isa = XCBuildConfiguration;
			buildSettings = {
				CODE_SIGN_STYLE = Automatic;
				PRODUCT_NAME = "$(TARGET_NAME)";
				SWIFT_VERSION = 4.0;
			};
			name = Release;
		};
		49C7793820AC4CD700548FBA /* Debug */ = {
			isa = XCBuildConfiguration;
			buildSettings = {
				ASSETCATALOG_COMPILER_APPICON_NAME = AppIcon;
				CODE_SIGN_STYLE = Automatic;
				COMBINE_HIDPI_IMAGES = YES;
				INFOPLIST_FILE = BackupRunner/Info.plist;
				LD_RUNPATH_SEARCH_PATHS = (
					"$(inherited)",
					"@executable_path/../Frameworks",
				);
				PRODUCT_BUNDLE_IDENTIFIER = rav.org.BackupRunner;
				PRODUCT_NAME = "$(TARGET_NAME)";
			};
			name = Debug;
		};
		49C7793920AC4CD700548FBA /* Release */ = {
			isa = XCBuildConfiguration;
			buildSettings = {
				ASSETCATALOG_COMPILER_APPICON_NAME = AppIcon;
				CODE_SIGN_STYLE = Automatic;
				COMBINE_HIDPI_IMAGES = YES;
				INFOPLIST_FILE = BackupRunner/Info.plist;
				LD_RUNPATH_SEARCH_PATHS = (
					"$(inherited)",
					"@executable_path/../Frameworks",
				);
				PRODUCT_BUNDLE_IDENTIFIER = rav.org.BackupRunner;
				PRODUCT_NAME = "$(TARGET_NAME)";
			};
			name = Release;
		};
/* End XCBuildConfiguration section */

/* Begin XCConfigurationList section */
		496CFE9320A15CB100E8DB35 /* Build configuration list for PBXProject "RemoveOldTimeMachine" */ = {
			isa = XCConfigurationList;
			buildConfigurations = (
				496CFE9D20A15CB100E8DB35 /* Debug */,
				496CFE9E20A15CB100E8DB35 /* Release */,
			);
			defaultConfigurationIsVisible = 0;
			defaultConfigurationName = Release;
		};
		496CFE9F20A15CB100E8DB35 /* Build configuration list for PBXNativeTarget "RemoveOldTimeMachineBackup" */ = {
			isa = XCConfigurationList;
			buildConfigurations = (
				496CFEA020A15CB100E8DB35 /* Debug */,
				496CFEA120A15CB100E8DB35 /* Release */,
			);
			defaultConfigurationIsVisible = 0;
			defaultConfigurationName = Release;
		};
		49C7793A20AC4CD700548FBA /* Build configuration list for PBXNativeTarget "BackupRunner" */ = {
			isa = XCConfigurationList;
			buildConfigurations = (
				49C7793820AC4CD700548FBA /* Debug */,
				49C7793920AC4CD700548FBA /* Release */,
			);
			defaultConfigurationIsVisible = 0;
			defaultConfigurationName = Release;
		};
/* End XCConfigurationList section */
	};
	rootObject = 496CFE9020A15CB100E8DB35 /* Project object */;
}
